
Microsoft Visual Studio Solution File, Format Version 12.00
# Visual Studio 15
VisualStudioVersion = 15.0.28010.0
MinimumVisualStudioVersion = 10.0.40219.1
Project("{FAE04EC0-301F-11D3-BF4B-00C04F79EFBC}") = "MovieStore", "MovieStore\MovieStore.csproj", "{3551590B-B2E6-4F16-B59D-B571E3BF07F7}"
EndProject
Project("{FAE04EC0-301F-11D3-BF4B-00C04F79EFBC}") = "MovieStore.Tests", "MovieStore.Tests\MovieStore.Tests.csproj", "{C64264AF-80A5-4156-A924-2FDCAAC415A8}"
EndProject
Global
	GlobalSection(SolutionConfigurationPlatforms) = preSolution
		Debug|Any CPU = Debug|Any CPU
		Release|Any CPU = Release|Any CPU
	EndGlobalSection
	GlobalSection(ProjectConfigurationPlatforms) = postSolution
		{3551590B-B2E6-4F16-B59D-B571E3BF07F7}.Debug|Any CPU.ActiveCfg = Debug|Any CPU
		{3551590B-B2E6-4F16-B59D-B571E3BF07F7}.Debug|Any CPU.Build.0 = Debug|Any CPU
		{3551590B-B2E6-4F16-B59D-B571E3BF07F7}.Release|Any CPU.ActiveCfg = Release|Any CPU
		{3551590B-B2E6-4F16-B59D-B571E3BF07F7}.Release|Any CPU.Build.0 = Release|Any CPU
		{C64264AF-80A5-4156-A924-2FDCAAC415A8}.Debug|Any CPU.ActiveCfg = Debug|Any CPU
		{C64264AF-80A5-4156-A924-2FDCAAC415A8}.Debug|Any CPU.Build.0 = Debug|Any CPU
		{C64264AF-80A5-4156-A924-2FDCAAC415A8}.Release|Any CPU.ActiveCfg = Release|Any CPU
		{C64264AF-80A5-4156-A924-2FDCAAC415A8}.Release|Any CPU.Build.0 = Release|Any CPU
	EndGlobalSection
	GlobalSection(SolutionProperties) = preSolution
		HideSolutionNode = FALSE
	EndGlobalSection
	GlobalSection(ExtensibilityGlobals) = postSolution
		SolutionGuid = {908B500A-3816-4A53-A895-4DE9FCFD699D}
	EndGlobalSection
EndGlobal
